
Microsoft Visual Studio Solution File, Format Version 12.00
# Visual Studio Version 17
VisualStudioVersion = 17.12.35707.178
MinimumVisualStudioVersion = 10.0.40219.1
Project("{FAE04EC0-301F-11D3-BF4B-00C04F79EFBC}") = "TCPChatApp.Server", "TCPChatApp.Server\TCPChatApp.Server.csproj", "{EFDE4FD8-CDCA-4BF8-B604-AA51798C4C19}"
EndProject
Project("{FAE04EC0-301F-11D3-BF4B-00C04F79EFBC}") = "TCPChatApp.Common", "TCPChatApp.Common\TCPChatApp.Common.csproj", "{F7642BA1-9540-48B1-94C6-BBCE5D2FAA99}"
EndProject
Project("{FAE04EC0-301F-11D3-BF4B-00C04F79EFBC}") = "TCPChatApp.Client", "TCPChatApp.Client\TCPChatApp.Client.csproj", "{97268D84-7B23-4BE0-AEAF-E5305E59CBFF}"
EndProject
Project("{2150E333-8FDC-42A3-9474-1A3956D46DE8}") = "Solution Items", "Solution Items", "{85E755C4-D7C2-4434-800E-98D3E3733A43}"
	ProjectSection(SolutionItems) = preProject
		Steps.txt = Steps.txt
	EndProjectSection
EndProject
Global
	GlobalSection(SolutionConfigurationPlatforms) = preSolution
		Debug|Any CPU = Debug|Any CPU
		Release|Any CPU = Release|Any CPU
	EndGlobalSection
	GlobalSection(ProjectConfigurationPlatforms) = postSolution
		{EFDE4FD8-CDCA-4BF8-B604-AA51798C4C19}.Debug|Any CPU.ActiveCfg = Debug|Any CPU
		{EFDE4FD8-CDCA-4BF8-B604-AA51798C4C19}.Debug|Any CPU.Build.0 = Debug|Any CPU
		{EFDE4FD8-CDCA-4BF8-B604-AA51798C4C19}.Release|Any CPU.ActiveCfg = Release|Any CPU
		{EFDE4FD8-CDCA-4BF8-B604-AA51798C4C19}.Release|Any CPU.Build.0 = Release|Any CPU
		{F7642BA1-9540-48B1-94C6-BBCE5D2FAA99}.Debug|Any CPU.ActiveCfg = Debug|Any CPU
		{F7642BA1-9540-48B1-94C6-BBCE5D2FAA99}.Debug|Any CPU.Build.0 = Debug|Any CPU
		{F7642BA1-9540-48B1-94C6-BBCE5D2FAA99}.Release|Any CPU.ActiveCfg = Release|Any CPU
		{F7642BA1-9540-48B1-94C6-BBCE5D2FAA99}.Release|Any CPU.Build.0 = Release|Any CPU
		{97268D84-7B23-4BE0-AEAF-E5305E59CBFF}.Debug|Any CPU.ActiveCfg = Debug|Any CPU
		{97268D84-7B23-4BE0-AEAF-E5305E59CBFF}.Debug|Any CPU.Build.0 = Debug|Any CPU
		{97268D84-7B23-4BE0-AEAF-E5305E59CBFF}.Release|Any CPU.ActiveCfg = Release|Any CPU
		{97268D84-7B23-4BE0-AEAF-E5305E59CBFF}.Release|Any CPU.Build.0 = Release|Any CPU
	EndGlobalSection
	GlobalSection(SolutionProperties) = preSolution
		HideSolutionNode = FALSE
	EndGlobalSection
EndGlobal
